
Microsoft Visual Studio Solution File, Format Version 12.00
# Visual Studio Version 16
VisualStudioVersion = 16.0.31205.134
MinimumVisualStudioVersion = 10.0.40219.1
Project("{FAE04EC0-301F-11D3-BF4B-00C04F79EFBC}") = "Bootcamp_2", "Bootcamp_2\Bootcamp_2.csproj", "{960BEB4D-2FBD-4444-A214-45C06AABAD2A}"
EndProject
Global
	GlobalSection(SolutionConfigurationPlatforms) = preSolution
		Debug|Any CPU = Debug|Any CPU
		Release|Any CPU = Release|Any CPU
	EndGlobalSection
	GlobalSection(ProjectConfigurationPlatforms) = postSolution
		{960BEB4D-2FBD-4444-A214-45C06AABAD2A}.Debug|Any CPU.ActiveCfg = Debug|Any CPU
		{960BEB4D-2FBD-4444-A214-45C06AABAD2A}.Debug|Any CPU.Build.0 = Debug|Any CPU
		{960BEB4D-2FBD-4444-A214-45C06AABAD2A}.Release|Any CPU.ActiveCfg = Release|Any CPU
		{960BEB4D-2FBD-4444-A214-45C06AABAD2A}.Release|Any CPU.Build.0 = Release|Any CPU
	EndGlobalSection
	GlobalSection(SolutionProperties) = preSolution
		HideSolutionNode = FALSE
	EndGlobalSection
	GlobalSection(ExtensibilityGlobals) = postSolution
		SolutionGuid = {B76198B5-58C2-4A25-A9B3-41620FDB3AB8}
	EndGlobalSection
EndGlobal
